
Microsoft Visual Studio Solution File, Format Version 12.00
# Visual Studio Version 16
VisualStudioVersion = 16.0.29306.81
MinimumVisualStudioVersion = 10.0.40219.1
Project("{FAE04EC0-301F-11D3-BF4B-00C04F79EFBC}") = "SISH", "SISH\SISH.csproj", "{29248C36-AC95-4DC2-9467-6F9801CAFCA6}"
EndProject
Project("{FAE04EC0-301F-11D3-BF4B-00C04F79EFBC}") = "SISH.Tests", "SISH.Tests\SISH.Tests.csproj", "{A656BBC9-617C-4A41-896A-79C4388030C3}"
EndProject
Global
	GlobalSection(SolutionConfigurationPlatforms) = preSolution
		Debug|Any CPU = Debug|Any CPU
		Release|Any CPU = Release|Any CPU
	EndGlobalSection
	GlobalSection(ProjectConfigurationPlatforms) = postSolution
		{29248C36-AC95-4DC2-9467-6F9801CAFCA6}.Debug|Any CPU.ActiveCfg = Debug|Any CPU
		{29248C36-AC95-4DC2-9467-6F9801CAFCA6}.Debug|Any CPU.Build.0 = Debug|Any CPU
		{29248C36-AC95-4DC2-9467-6F9801CAFCA6}.Release|Any CPU.ActiveCfg = Release|Any CPU
		{29248C36-AC95-4DC2-9467-6F9801CAFCA6}.Release|Any CPU.Build.0 = Release|Any CPU
		{A656BBC9-617C-4A41-896A-79C4388030C3}.Debug|Any CPU.ActiveCfg = Debug|Any CPU
		{A656BBC9-617C-4A41-896A-79C4388030C3}.Debug|Any CPU.Build.0 = Debug|Any CPU
		{A656BBC9-617C-4A41-896A-79C4388030C3}.Release|Any CPU.ActiveCfg = Release|Any CPU
		{A656BBC9-617C-4A41-896A-79C4388030C3}.Release|Any CPU.Build.0 = Release|Any CPU
	EndGlobalSection
	GlobalSection(SolutionProperties) = preSolution
		HideSolutionNode = FALSE
	EndGlobalSection
	GlobalSection(ExtensibilityGlobals) = postSolution
		SolutionGuid = {CB403CB3-8760-446D-881E-A012BF35EDF8}
	EndGlobalSection
EndGlobal
